
Microsoft Visual Studio Solution File, Format Version 12.00
# Visual Studio 15
Project("{FAE04EC0-301F-11D3-BF4B-00C04F79EFBC}") = "Mirror.Examples", "Mirror.Examples.csproj", "{CFCF6BCF-51B2-6870-F1E7-2ECC73CF6F50}"
EndProject
Project("{FAE04EC0-301F-11D3-BF4B-00C04F79EFBC}") = "Mirror", "Mirror.csproj", "{795887FC-BBEC-632F-7161-668A7E3242BF}"
EndProject
Project("{FAE04EC0-301F-11D3-BF4B-00C04F79EFBC}") = "Assembly-CSharp", "Assembly-CSharp.csproj", "{E1CE1FEE-67BE-6533-73AA-CC578BE80DCD}"
EndProject
Project("{FAE04EC0-301F-11D3-BF4B-00C04F79EFBC}") = "Mirror.Hosting", "Mirror.Hosting.csproj", "{DAB48B40-B065-1306-20EE-6C4700652CBE}"
EndProject
Project("{FAE04EC0-301F-11D3-BF4B-00C04F79EFBC}") = "Mirror.Transports", "Mirror.Transports.csproj", "{8268E602-8B19-73C3-2006-F450DEA01BAD}"
EndProject
Project("{FAE04EC0-301F-11D3-BF4B-00C04F79EFBC}") = "Unity.Mirror.CodeGen", "Unity.Mirror.CodeGen.csproj", "{C5EB748C-64D6-1878-22D7-83ABCB8E4828}"
EndProject
Project("{FAE04EC0-301F-11D3-BF4B-00C04F79EFBC}") = "Mirror.Components", "Mirror.Components.csproj", "{4E3641F6-A44C-BCFD-DD92-912BDD7DBB7C}"
EndProject
Project("{FAE04EC0-301F-11D3-BF4B-00C04F79EFBC}") = "Mirror.Editor", "Mirror.Editor.csproj", "{630BF410-F32E-67E4-193D-4DFC91AF9FA0}"
EndProject
Project("{FAE04EC0-301F-11D3-BF4B-00C04F79EFBC}") = "Telepathy", "Telepathy.csproj", "{D0914FA9-2E4B-5451-D48F-8A65CE06737A}"
EndProject
Project("{FAE04EC0-301F-11D3-BF4B-00C04F79EFBC}") = "SimpleWebTransport", "SimpleWebTransport.csproj", "{55153841-AB0E-8E5A-14E3-7BADD0EAFF06}"
EndProject
Project("{FAE04EC0-301F-11D3-BF4B-00C04F79EFBC}") = "kcp2k", "kcp2k.csproj", "{BE04B4AA-7BD3-A5BB-D226-9DE8000E34B7}"
EndProject
Project("{FAE04EC0-301F-11D3-BF4B-00C04F79EFBC}") = "Mirror.Authenticators", "Mirror.Authenticators.csproj", "{AB117215-B23A-CC37-B0F1-BF576C15D581}"
EndProject
Project("{FAE04EC0-301F-11D3-BF4B-00C04F79EFBC}") = "EncryptionTransportEditor", "EncryptionTransportEditor.csproj", "{BE210998-0351-DA2E-7F6B-184E979C908F}"
EndProject
Project("{FAE04EC0-301F-11D3-BF4B-00C04F79EFBC}") = "Assembly-CSharp-Editor", "Assembly-CSharp-Editor.csproj", "{D639510A-B7C0-C64D-F6AD-66CC4ECACC64}"
EndProject
Project("{FAE04EC0-301F-11D3-BF4B-00C04F79EFBC}") = "Mirror.CompilerSymbols", "Mirror.CompilerSymbols.csproj", "{16A82669-BBA9-7B96-716E-653D0AF64BCF}"
EndProject
Global
	GlobalSection(SolutionConfigurationPlatforms) = preSolution
		Debug|Any CPU = Debug|Any CPU
		Release|Any CPU = Release|Any CPU
	EndGlobalSection
	GlobalSection(ProjectConfigurationPlatforms) = postSolution
		{CFCF6BCF-51B2-6870-F1E7-2ECC73CF6F50}.Debug|Any CPU.ActiveCfg = Debug|Any CPU
		{CFCF6BCF-51B2-6870-F1E7-2ECC73CF6F50}.Debug|Any CPU.Build.0 = Debug|Any CPU
		{CFCF6BCF-51B2-6870-F1E7-2ECC73CF6F50}.Release|Any CPU.ActiveCfg = Release|Any CPU
		{CFCF6BCF-51B2-6870-F1E7-2ECC73CF6F50}.Release|Any CPU.Build.0 = Release|Any CPU
		{795887FC-BBEC-632F-7161-668A7E3242BF}.Debug|Any CPU.ActiveCfg = Debug|Any CPU
		{795887FC-BBEC-632F-7161-668A7E3242BF}.Debug|Any CPU.Build.0 = Debug|Any CPU
		{795887FC-BBEC-632F-7161-668A7E3242BF}.Release|Any CPU.ActiveCfg = Release|Any CPU
		{795887FC-BBEC-632F-7161-668A7E3242BF}.Release|Any CPU.Build.0 = Release|Any CPU
		{E1CE1FEE-67BE-6533-73AA-CC578BE80DCD}.Debug|Any CPU.ActiveCfg = Debug|Any CPU
		{E1CE1FEE-67BE-6533-73AA-CC578BE80DCD}.Debug|Any CPU.Build.0 = Debug|Any CPU
		{E1CE1FEE-67BE-6533-73AA-CC578BE80DCD}.Release|Any CPU.ActiveCfg = Release|Any CPU
		{E1CE1FEE-67BE-6533-73AA-CC578BE80DCD}.Release|Any CPU.Build.0 = Release|Any CPU
		{DAB48B40-B065-1306-20EE-6C4700652CBE}.Debug|Any CPU.ActiveCfg = Debug|Any CPU
		{DAB48B40-B065-1306-20EE-6C4700652CBE}.Debug|Any CPU.Build.0 = Debug|Any CPU
		{DAB48B40-B065-1306-20EE-6C4700652CBE}.Release|Any CPU.ActiveCfg = Release|Any CPU
		{DAB48B40-B065-1306-20EE-6C4700652CBE}.Release|Any CPU.Build.0 = Release|Any CPU
		{8268E602-8B19-73C3-2006-F450DEA01BAD}.Debug|Any CPU.ActiveCfg = Debug|Any CPU
		{8268E602-8B19-73C3-2006-F450DEA01BAD}.Debug|Any CPU.Build.0 = Debug|Any CPU
		{8268E602-8B19-73C3-2006-F450DEA01BAD}.Release|Any CPU.ActiveCfg = Release|Any CPU
		{8268E602-8B19-73C3-2006-F450DEA01BAD}.Release|Any CPU.Build.0 = Release|Any CPU
		{C5EB748C-64D6-1878-22D7-83ABCB8E4828}.Debug|Any CPU.ActiveCfg = Debug|Any CPU
		{C5EB748C-64D6-1878-22D7-83ABCB8E4828}.Debug|Any CPU.Build.0 = Debug|Any CPU
		{C5EB748C-64D6-1878-22D7-83ABCB8E4828}.Release|Any CPU.ActiveCfg = Release|Any CPU
		{C5EB748C-64D6-1878-22D7-83ABCB8E4828}.Release|Any CPU.Build.0 = Release|Any CPU
		{4E3641F6-A44C-BCFD-DD92-912BDD7DBB7C}.Debug|Any CPU.ActiveCfg = Debug|Any CPU
		{4E3641F6-A44C-BCFD-DD92-912BDD7DBB7C}.Debug|Any CPU.Build.0 = Debug|Any CPU
		{4E3641F6-A44C-BCFD-DD92-912BDD7DBB7C}.Release|Any CPU.ActiveCfg = Release|Any CPU
		{4E3641F6-A44C-BCFD-DD92-912BDD7DBB7C}.Release|Any CPU.Build.0 = Release|Any CPU
		{630BF410-F32E-67E4-193D-4DFC91AF9FA0}.Debug|Any CPU.ActiveCfg = Debug|Any CPU
		{630BF410-F32E-67E4-193D-4DFC91AF9FA0}.Debug|Any CPU.Build.0 = Debug|Any CPU
		{630BF410-F32E-67E4-193D-4DFC91AF9FA0}.Release|Any CPU.ActiveCfg = Release|Any CPU
		{630BF410-F32E-67E4-193D-4DFC91AF9FA0}.Release|Any CPU.Build.0 = Release|Any CPU
		{D0914FA9-2E4B-5451-D48F-8A65CE06737A}.Debug|Any CPU.ActiveCfg = Debug|Any CPU
		{D0914FA9-2E4B-5451-D48F-8A65CE06737A}.Debug|Any CPU.Build.0 = Debug|Any CPU
		{D0914FA9-2E4B-5451-D48F-8A65CE06737A}.Release|Any CPU.ActiveCfg = Release|Any CPU
		{D0914FA9-2E4B-5451-D48F-8A65CE06737A}.Release|Any CPU.Build.0 = Release|Any CPU
		{55153841-AB0E-8E5A-14E3-7BADD0EAFF06}.Debug|Any CPU.ActiveCfg = Debug|Any CPU
		{55153841-AB0E-8E5A-14E3-7BADD0EAFF06}.Debug|Any CPU.Build.0 = Debug|Any CPU
		{55153841-AB0E-8E5A-14E3-7BADD0EAFF06}.Release|Any CPU.ActiveCfg = Release|Any CPU
		{55153841-AB0E-8E5A-14E3-7BADD0EAFF06}.Release|Any CPU.Build.0 = Release|Any CPU
		{BE04B4AA-7BD3-A5BB-D226-9DE8000E34B7}.Debug|Any CPU.ActiveCfg = Debug|Any CPU
		{BE04B4AA-7BD3-A5BB-D226-9DE8000E34B7}.Debug|Any CPU.Build.0 = Debug|Any CPU
		{BE04B4AA-7BD3-A5BB-D226-9DE8000E34B7}.Release|Any CPU.ActiveCfg = Release|Any CPU
		{BE04B4AA-7BD3-A5BB-D226-9DE8000E34B7}.Release|Any CPU.Build.0 = Release|Any CPU
		{AB117215-B23A-CC37-B0F1-BF576C15D581}.Debug|Any CPU.ActiveCfg = Debug|Any CPU
		{AB117215-B23A-CC37-B0F1-BF576C15D581}.Debug|Any CPU.Build.0 = Debug|Any CPU
		{AB117215-B23A-CC37-B0F1-BF576C15D581}.Release|Any CPU.ActiveCfg = Release|Any CPU
		{AB117215-B23A-CC37-B0F1-BF576C15D581}.Release|Any CPU.Build.0 = Release|Any CPU
		{BE210998-0351-DA2E-7F6B-184E979C908F}.Debug|Any CPU.ActiveCfg = Debug|Any CPU
		{BE210998-0351-DA2E-7F6B-184E979C908F}.Debug|Any CPU.Build.0 = Debug|Any CPU
		{BE210998-0351-DA2E-7F6B-184E979C908F}.Release|Any CPU.ActiveCfg = Release|Any CPU
		{BE210998-0351-DA2E-7F6B-184E979C908F}.Release|Any CPU.Build.0 = Release|Any CPU
		{D639510A-B7C0-C64D-F6AD-66CC4ECACC64}.Debug|Any CPU.ActiveCfg = Debug|Any CPU
		{D639510A-B7C0-C64D-F6AD-66CC4ECACC64}.Debug|Any CPU.Build.0 = Debug|Any CPU
		{D639510A-B7C0-C64D-F6AD-66CC4ECACC64}.Release|Any CPU.ActiveCfg = Release|Any CPU
		{D639510A-B7C0-C64D-F6AD-66CC4ECACC64}.Release|Any CPU.Build.0 = Release|Any CPU
		{16A82669-BBA9-7B96-716E-653D0AF64BCF}.Debug|Any CPU.ActiveCfg = Debug|Any CPU
		{16A82669-BBA9-7B96-716E-653D0AF64BCF}.Debug|Any CPU.Build.0 = Debug|Any CPU
		{16A82669-BBA9-7B96-716E-653D0AF64BCF}.Release|Any CPU.ActiveCfg = Release|Any CPU
		{16A82669-BBA9-7B96-716E-653D0AF64BCF}.Release|Any CPU.Build.0 = Release|Any CPU
	EndGlobalSection
	GlobalSection(SolutionProperties) = preSolution
		HideSolutionNode = FALSE
	EndGlobalSection
EndGlobal
